// !$*UTF8*$!
{
	archiveVersion = 1;
	classes = {
	};
	objectVersion = 46;
	objects = {

/* Begin PBXBuildFile section */
		1D3623260D0F684500981E51 /* QuizapAppDelegate.m in Sources */ = {isa = PBXBuildFile; fileRef = 1D3623250D0F684500981E51 /* QuizapAppDelegate.m */; };
		1D60589B0D05DD56006BFB54 /* main.m in Sources */ = {isa = PBXBuildFile; fileRef = 29B97316FDCFA39411CA2CEA /* main.m */; };
		1D60589F0D05DD5A006BFB54 /* Foundation.framework in Frameworks */ = {isa = PBXBuildFile; fileRef = 1D30AB110D05D00D00671497 /* Foundation.framework */; };
		1DF5F4E00D08C38300B7A737 /* UIKit.framework in Frameworks */ = {isa = PBXBuildFile; fileRef = 1DF5F4DF0D08C38300B7A737 /* UIKit.framework */; };
		288765A50DF7441C002DB57D /* CoreGraphics.framework in Frameworks */ = {isa = PBXBuildFile; fileRef = 288765A40DF7441C002DB57D /* CoreGraphics.framework */; };
		2899E5220DE3E06400AC0155 /* QuizapViewController.xib in Resources */ = {isa = PBXBuildFile; fileRef = 2899E5210DE3E06400AC0155 /* QuizapViewController.xib */; };
		28AD733F0D9D9553002E5188 /* MainWindow.xib in Resources */ = {isa = PBXBuildFile; fileRef = 28AD733E0D9D9553002E5188 /* MainWindow.xib */; };
		28D7ACF80DDB3853001CB0EB /* QuizapViewController.m in Sources */ = {isa = PBXBuildFile; fileRef = 28D7ACF70DDB3853001CB0EB /* QuizapViewController.m */; };
		4B00CAD8144DD54F00DD8C50 /* close_48.png in Resources */ = {isa = PBXBuildFile; fileRef = 4B00CAD7144DD54F00DD8C50 /* close_48.png */; };
		4B00CADA144DD55800DD8C50 /* close_64.png in Resources */ = {isa = PBXBuildFile; fileRef = 4B00CAD9144DD55800DD8C50 /* close_64.png */; };
		4B00CADC144DD57600DD8C50 /* star_64.png in Resources */ = {isa = PBXBuildFile; fileRef = 4B00CADB144DD57600DD8C50 /* star_64.png */; };
		4B00CAE1144DD5F200DD8C50 /* QuizapView3Controller.m in Sources */ = {isa = PBXBuildFile; fileRef = 4B00CADF144DD5F200DD8C50 /* QuizapView3Controller.m */; };
		4B00CAE2144DD5F200DD8C50 /* QuizapView3Controller.xib in Resources */ = {isa = PBXBuildFile; fileRef = 4B00CAE0144DD5F200DD8C50 /* QuizapView3Controller.xib */; };
		4B077BF2144C50EE00378E04 /* RequirementsViewController.m in Sources */ = {isa = PBXBuildFile; fileRef = 4B077BF1144C50EE00378E04 /* RequirementsViewController.m */; };
		4B418904144747DA00214BE4 /* NSObject+SBJson.m in Sources */ = {isa = PBXBuildFile; fileRef = 4B4188EC144747DA00214BE4 /* NSObject+SBJson.m */; };
		4B418905144747DA00214BE4 /* SBJsonParser.m in Sources */ = {isa = PBXBuildFile; fileRef = 4B4188EF144747DA00214BE4 /* SBJsonParser.m */; };
		4B418906144747DA00214BE4 /* SBJsonStreamParser.m in Sources */ = {isa = PBXBuildFile; fileRef = 4B4188F1144747DA00214BE4 /* SBJsonStreamParser.m */; };
		4B418907144747DA00214BE4 /* SBJsonStreamParserAccumulator.m in Sources */ = {isa = PBXBuildFile; fileRef = 4B4188F3144747DA00214BE4 /* SBJsonStreamParserAccumulator.m */; };
		4B418908144747DA00214BE4 /* SBJsonStreamParserAdapter.m in Sources */ = {isa = PBXBuildFile; fileRef = 4B4188F5144747DA00214BE4 /* SBJsonStreamParserAdapter.m */; };
		4B418909144747DA00214BE4 /* SBJsonStreamParserState.m in Sources */ = {isa = PBXBuildFile; fileRef = 4B4188F7144747DA00214BE4 /* SBJsonStreamParserState.m */; };
		4B41890A144747DA00214BE4 /* SBJsonStreamWriter.m in Sources */ = {isa = PBXBuildFile; fileRef = 4B4188F9144747DA00214BE4 /* SBJsonStreamWriter.m */; };
		4B41890B144747DA00214BE4 /* SBJsonStreamWriterAccumulator.m in Sources */ = {isa = PBXBuildFile; fileRef = 4B4188FB144747DA00214BE4 /* SBJsonStreamWriterAccumulator.m */; };
		4B41890C144747DA00214BE4 /* SBJsonStreamWriterState.m in Sources */ = {isa = PBXBuildFile; fileRef = 4B4188FD144747DA00214BE4 /* SBJsonStreamWriterState.m */; };
		4B41890D144747DA00214BE4 /* SBJsonTokeniser.m in Sources */ = {isa = PBXBuildFile; fileRef = 4B4188FF144747DA00214BE4 /* SBJsonTokeniser.m */; };
		4B41890E144747DA00214BE4 /* SBJsonUTF8Stream.m in Sources */ = {isa = PBXBuildFile; fileRef = 4B418901144747DA00214BE4 /* SBJsonUTF8Stream.m */; };
		4B41890F144747DA00214BE4 /* SBJsonWriter.m in Sources */ = {isa = PBXBuildFile; fileRef = 4B418903144747DA00214BE4 /* SBJsonWriter.m */; };
		4B41892714474CBA00214BE4 /* quizgame1.qiz in Resources */ = {isa = PBXBuildFile; fileRef = 4B41892614474CBA00214BE4 /* quizgame1.qiz */; };
		4B5DCB3B144C2FCB00F6811A /* quizgame2.qiz in Resources */ = {isa = PBXBuildFile; fileRef = 4B5DCB3A144C2FCB00F6811A /* quizgame2.qiz */; };
		4B84DD4D14436095008F636C /* classroom.jpg in Resources */ = {isa = PBXBuildFile; fileRef = 4B84DD4C14436095008F636C /* classroom.jpg */; };
		4B8CA16A144D88FB00C73683 /* HeaderView.xib in Resources */ = {isa = PBXBuildFile; fileRef = 4B8CA169144D88FB00C73683 /* HeaderView.xib */; };
		4B8CA182144D8CDC00C73683 /* QuizapEditQuizViewController.m in Sources */ = {isa = PBXBuildFile; fileRef = 4B8CA180144D8CDC00C73683 /* QuizapEditQuizViewController.m */; };
		4B8CA183144D8CDC00C73683 /* QuizapEditQuizViewController.xib in Resources */ = {isa = PBXBuildFile; fileRef = 4B8CA181144D8CDC00C73683 /* QuizapEditQuizViewController.xib */; };
		4B8CA23E144DA60D00C73683 /* QuizSelectedViewController.m in Sources */ = {isa = PBXBuildFile; fileRef = 4B8CA23C144DA60D00C73683 /* QuizSelectedViewController.m */; };
		4B8CA23F144DA60D00C73683 /* QuizSelectedViewController.xib in Resources */ = {isa = PBXBuildFile; fileRef = 4B8CA23D144DA60D00C73683 /* QuizSelectedViewController.xib */; };
		4B8D2DE8142AA6D0009256E6 /* QAMultiChoiceQuestion.m in Sources */ = {isa = PBXBuildFile; fileRef = 4B8D2DE7142AA6D0009256E6 /* QAMultiChoiceQuestion.m */; };
		4B8D63BE1445BD84005CC294 /* QuizapView2Controller.m in Sources */ = {isa = PBXBuildFile; fileRef = 4B8D63BD1445BD84005CC294 /* QuizapView2Controller.m */; };
		4B8D63CF1445C393005CC294 /* student1.png in Resources */ = {isa = PBXBuildFile; fileRef = 4B8D63CD1445C393005CC294 /* student1.png */; };
		4B8D63D01445C393005CC294 /* student2.png in Resources */ = {isa = PBXBuildFile; fileRef = 4B8D63CE1445C393005CC294 /* student2.png */; };
		4B8D64481445D035005CC294 /* classroom2.jpg in Resources */ = {isa = PBXBuildFile; fileRef = 4B8D64471445D035005CC294 /* classroom2.jpg */; };
		4B8D64A11445D790005CC294 /* student3.png in Resources */ = {isa = PBXBuildFile; fileRef = 4B8D64A01445D790005CC294 /* student3.png */; };
		4B8D651B1445FBB0005CC294 /* studentfull1.png in Resources */ = {isa = PBXBuildFile; fileRef = 4B8D65181445FBB0005CC294 /* studentfull1.png */; };
		4B8D651C1445FBB0005CC294 /* studentfull2.png in Resources */ = {isa = PBXBuildFile; fileRef = 4B8D65191445FBB0005CC294 /* studentfull2.png */; };
		4B8D651D1445FBB0005CC294 /* studentfull3.png in Resources */ = {isa = PBXBuildFile; fileRef = 4B8D651A1445FBB0005CC294 /* studentfull3.png */; };
		4B8D65291445FC99005CC294 /* books.png in Resources */ = {isa = PBXBuildFile; fileRef = 4B8D65261445FC99005CC294 /* books.png */; };
		4B8D652A1445FC99005CC294 /* classroom3.png in Resources */ = {isa = PBXBuildFile; fileRef = 4B8D65271445FC99005CC294 /* classroom3.png */; };
		4B8D652B1445FC99005CC294 /* teacher.png in Resources */ = {isa = PBXBuildFile; fileRef = 4B8D65281445FC99005CC294 /* teacher.png */; };
		4B8E9B6C14497B0300D6634F /* quizdemo.qiz in Resources */ = {isa = PBXBuildFile; fileRef = 4B8E9B6B14497B0300D6634F /* quizdemo.qiz */; };
		4B8E9B941449829200D6634F /* StartupViewController.m in Sources */ = {isa = PBXBuildFile; fileRef = 4B8E9B921449829200D6634F /* StartupViewController.m */; };
		4B8E9B951449829200D6634F /* StartupViewController.xib in Resources */ = {isa = PBXBuildFile; fileRef = 4B8E9B931449829200D6634F /* StartupViewController.xib */; };
		4B941AAC1446DA7200A11671 /* ItemsViewController.m in Sources */ = {isa = PBXBuildFile; fileRef = 4B941AAB1446DA7200A11671 /* ItemsViewController.m */; };
		4B941AAF1446DCFC00A11671 /* QuizStore.m in Sources */ = {isa = PBXBuildFile; fileRef = 4B941AAE1446DCFC00A11671 /* QuizStore.m */; };
		4B9760AB1450887E00783805 /* DarkWoodenWall.jpg in Resources */ = {isa = PBXBuildFile; fileRef = 4B9760AA1450887E00783805 /* DarkWoodenWall.jpg */; };
		4B9760E414509D7A00783805 /* button.png in Resources */ = {isa = PBXBuildFile; fileRef = 4B9760E314509D7A00783805 /* button.png */; };
		4B97616F1450ACD600783805 /* blueButton.png in Resources */ = {isa = PBXBuildFile; fileRef = 4B97616E1450ACD600783805 /* blueButton.png */; };
		4BCA9689143F1085006BC7B6 /* QuizBrainOO.m in Sources */ = {isa = PBXBuildFile; fileRef = 4BCA9688143F1085006BC7B6 /* QuizBrainOO.m */; };
		4BCA9747143F3AFA006BC7B6 /* HighscoreViewController.m in Sources */ = {isa = PBXBuildFile; fileRef = 4BCA9745143F3AFA006BC7B6 /* HighscoreViewController.m */; };
		4BCA9748143F3AFA006BC7B6 /* HighscoreViewController.xib in Resources */ = {isa = PBXBuildFile; fileRef = 4BCA9746143F3AFA006BC7B6 /* HighscoreViewController.xib */; };
		4BDC463E1442E3170056CF4A /* ContainerFrame.m in Sources */ = {isa = PBXBuildFile; fileRef = 4BDC463D1442E3170056CF4A /* ContainerFrame.m */; };
		4BDC46C8144301A50056CF4A /* CMPopTipView.m in Sources */ = {isa = PBXBuildFile; fileRef = 4BDC46C7144301A50056CF4A /* CMPopTipView.m */; };
		4BDC476914432FA00056CF4A /* button1.jpg in Resources */ = {isa = PBXBuildFile; fileRef = 4BDC476614432FA00056CF4A /* button1.jpg */; };
		4BDC476A14432FA00056CF4A /* button2.jpg in Resources */ = {isa = PBXBuildFile; fileRef = 4BDC476714432FA00056CF4A /* button2.jpg */; };
		4BDC476B14432FA00056CF4A /* button3.jpg in Resources */ = {isa = PBXBuildFile; fileRef = 4BDC476814432FA00056CF4A /* button3.jpg */; };
/* End PBXBuildFile section */

/* Begin PBXFileReference section */
		1D30AB110D05D00D00671497 /* Foundation.framework */ = {isa = PBXFileReference; lastKnownFileType = wrapper.framework; name = Foundation.framework; path = System/Library/Frameworks/Foundation.framework; sourceTree = SDKROOT; };
		1D3623240D0F684500981E51 /* QuizapAppDelegate.h */ = {isa = PBXFileReference; fileEncoding = 4; lastKnownFileType = sourcecode.c.h; path = QuizapAppDelegate.h; sourceTree = "<group>"; };
		1D3623250D0F684500981E51 /* QuizapAppDelegate.m */ = {isa = PBXFileReference; fileEncoding = 4; lastKnownFileType = sourcecode.c.objc; path = QuizapAppDelegate.m; sourceTree = "<group>"; };
		1D6058910D05DD3D006BFB54 /* Quizap.app */ = {isa = PBXFileReference; explicitFileType = wrapper.application; includeInIndex = 0; path = Quizap.app; sourceTree = BUILT_PRODUCTS_DIR; };
		1DF5F4DF0D08C38300B7A737 /* UIKit.framework */ = {isa = PBXFileReference; lastKnownFileType = wrapper.framework; name = UIKit.framework; path = System/Library/Frameworks/UIKit.framework; sourceTree = SDKROOT; };
		288765A40DF7441C002DB57D /* CoreGraphics.framework */ = {isa = PBXFileReference; lastKnownFileType = wrapper.framework; name = CoreGraphics.framework; path = System/Library/Frameworks/CoreGraphics.framework; sourceTree = SDKROOT; };
		2899E5210DE3E06400AC0155 /* QuizapViewController.xib */ = {isa = PBXFileReference; lastKnownFileType = file.xib; path = QuizapViewController.xib; sourceTree = "<group>"; };
		28AD733E0D9D9553002E5188 /* MainWindow.xib */ = {isa = PBXFileReference; lastKnownFileType = file.xib; path = MainWindow.xib; sourceTree = "<group>"; };
		28D7ACF60DDB3853001CB0EB /* QuizapViewController.h */ = {isa = PBXFileReference; fileEncoding = 4; lastKnownFileType = sourcecode.c.h; path = QuizapViewController.h; sourceTree = "<group>"; };
		28D7ACF70DDB3853001CB0EB /* QuizapViewController.m */ = {isa = PBXFileReference; fileEncoding = 4; lastKnownFileType = sourcecode.c.objc; path = QuizapViewController.m; sourceTree = "<group>"; };
		29B97316FDCFA39411CA2CEA /* main.m */ = {isa = PBXFileReference; fileEncoding = 4; lastKnownFileType = sourcecode.c.objc; path = main.m; sourceTree = "<group>"; };
		32CA4F630368D1EE00C91783 /* Quizap_Prefix.pch */ = {isa = PBXFileReference; fileEncoding = 4; lastKnownFileType = sourcecode.c.h; path = Quizap_Prefix.pch; sourceTree = "<group>"; };
		4B00CAD7144DD54F00DD8C50 /* close_48.png */ = {isa = PBXFileReference; lastKnownFileType = image.png; path = close_48.png; sourceTree = "<group>"; };
		4B00CAD9144DD55800DD8C50 /* close_64.png */ = {isa = PBXFileReference; lastKnownFileType = image.png; path = close_64.png; sourceTree = "<group>"; };
		4B00CADB144DD57600DD8C50 /* star_64.png */ = {isa = PBXFileReference; lastKnownFileType = image.png; path = star_64.png; sourceTree = "<group>"; };
		4B00CADE144DD5F200DD8C50 /* QuizapView3Controller.h */ = {isa = PBXFileReference; fileEncoding = 4; lastKnownFileType = sourcecode.c.h; path = QuizapView3Controller.h; sourceTree = "<group>"; };
		4B00CADF144DD5F200DD8C50 /* QuizapView3Controller.m */ = {isa = PBXFileReference; fileEncoding = 4; lastKnownFileType = sourcecode.c.objc; path = QuizapView3Controller.m; sourceTree = "<group>"; };
		4B00CAE0144DD5F200DD8C50 /* QuizapView3Controller.xib */ = {isa = PBXFileReference; lastKnownFileType = file.xib; path = QuizapView3Controller.xib; sourceTree = "<group>"; };
		4B077BF0144C50EE00378E04 /* RequirementsViewController.h */ = {isa = PBXFileReference; fileEncoding = 4; lastKnownFileType = sourcecode.c.h; path = RequirementsViewController.h; sourceTree = "<group>"; };
		4B077BF1144C50EE00378E04 /* RequirementsViewController.m */ = {isa = PBXFileReference; fileEncoding = 4; lastKnownFileType = sourcecode.c.objc; path = RequirementsViewController.m; sourceTree = "<group>"; };
		4B4188EB144747DA00214BE4 /* NSObject+SBJson.h */ = {isa = PBXFileReference; fileEncoding = 4; lastKnownFileType = sourcecode.c.h; path = "NSObject+SBJson.h"; sourceTree = "<group>"; };
		4B4188EC144747DA00214BE4 /* NSObject+SBJson.m */ = {isa = PBXFileReference; fileEncoding = 4; lastKnownFileType = sourcecode.c.objc; path = "NSObject+SBJson.m"; sourceTree = "<group>"; };
		4B4188ED144747DA00214BE4 /* SBJson.h */ = {isa = PBXFileReference; fileEncoding = 4; lastKnownFileType = sourcecode.c.h; path = SBJson.h; sourceTree = "<group>"; };
		4B4188EE144747DA00214BE4 /* SBJsonParser.h */ = {isa = PBXFileReference; fileEncoding = 4; lastKnownFileType = sourcecode.c.h; path = SBJsonParser.h; sourceTree = "<group>"; };
		4B4188EF144747DA00214BE4 /* SBJsonParser.m */ = {isa = PBXFileReference; fileEncoding = 4; lastKnownFileType = sourcecode.c.objc; path = SBJsonParser.m; sourceTree = "<group>"; };
		4B4188F0144747DA00214BE4 /* SBJsonStreamParser.h */ = {isa = PBXFileReference; fileEncoding = 4; lastKnownFileType = sourcecode.c.h; path = SBJsonStreamParser.h; sourceTree = "<group>"; };
		4B4188F1144747DA00214BE4 /* SBJsonStreamParser.m */ = {isa = PBXFileReference; fileEncoding = 4; lastKnownFileType = sourcecode.c.objc; path = SBJsonStreamParser.m; sourceTree = "<group>"; };
		4B4188F2144747DA00214BE4 /* SBJsonStreamParserAccumulator.h */ = {isa = PBXFileReference; fileEncoding = 4; lastKnownFileType = sourcecode.c.h; path = SBJsonStreamParserAccumulator.h; sourceTree = "<group>"; };
		4B4188F3144747DA00214BE4 /* SBJsonStreamParserAccumulator.m */ = {isa = PBXFileReference; fileEncoding = 4; lastKnownFileType = sourcecode.c.objc; path = SBJsonStreamParserAccumulator.m; sourceTree = "<group>"; };
		4B4188F4144747DA00214BE4 /* SBJsonStreamParserAdapter.h */ = {isa = PBXFileReference; fileEncoding = 4; lastKnownFileType = sourcecode.c.h; path = SBJsonStreamParserAdapter.h; sourceTree = "<group>"; };
		4B4188F5144747DA00214BE4 /* SBJsonStreamParserAdapter.m */ = {isa = PBXFileReference; fileEncoding = 4; lastKnownFileType = sourcecode.c.objc; path = SBJsonStreamParserAdapter.m; sourceTree = "<group>"; };
		4B4188F6144747DA00214BE4 /* SBJsonStreamParserState.h */ = {isa = PBXFileReference; fileEncoding = 4; lastKnownFileType = sourcecode.c.h; path = SBJsonStreamParserState.h; sourceTree = "<group>"; };
		4B4188F7144747DA00214BE4 /* SBJsonStreamParserState.m */ = {isa = PBXFileReference; fileEncoding = 4; lastKnownFileType = sourcecode.c.objc; path = SBJsonStreamParserState.m; sourceTree = "<group>"; };
		4B4188F8144747DA00214BE4 /* SBJsonStreamWriter.h */ = {isa = PBXFileReference; fileEncoding = 4; lastKnownFileType = sourcecode.c.h; path = SBJsonStreamWriter.h; sourceTree = "<group>"; };
		4B4188F9144747DA00214BE4 /* SBJsonStreamWriter.m */ = {isa = PBXFileReference; fileEncoding = 4; lastKnownFileType = sourcecode.c.objc; path = SBJsonStreamWriter.m; sourceTree = "<group>"; };
		4B4188FA144747DA00214BE4 /* SBJsonStreamWriterAccumulator.h */ = {isa = PBXFileReference; fileEncoding = 4; lastKnownFileType = sourcecode.c.h; path = SBJsonStreamWriterAccumulator.h; sourceTree = "<group>"; };
		4B4188FB144747DA00214BE4 /* SBJsonStreamWriterAccumulator.m */ = {isa = PBXFileReference; fileEncoding = 4; lastKnownFileType = sourcecode.c.objc; path = SBJsonStreamWriterAccumulator.m; sourceTree = "<group>"; };
		4B4188FC144747DA00214BE4 /* SBJsonStreamWriterState.h */ = {isa = PBXFileReference; fileEncoding = 4; lastKnownFileType = sourcecode.c.h; path = SBJsonStreamWriterState.h; sourceTree = "<group>"; };
		4B4188FD144747DA00214BE4 /* SBJsonStreamWriterState.m */ = {isa = PBXFileReference; fileEncoding = 4; lastKnownFileType = sourcecode.c.objc; path = SBJsonStreamWriterState.m; sourceTree = "<group>"; };
		4B4188FE144747DA00214BE4 /* SBJsonTokeniser.h */ = {isa = PBXFileReference; fileEncoding = 4; lastKnownFileType = sourcecode.c.h; path = SBJsonTokeniser.h; sourceTree = "<group>"; };
		4B4188FF144747DA00214BE4 /* SBJsonTokeniser.m */ = {isa = PBXFileReference; fileEncoding = 4; lastKnownFileType = sourcecode.c.objc; path = SBJsonTokeniser.m; sourceTree = "<group>"; };
		4B418900144747DA00214BE4 /* SBJsonUTF8Stream.h */ = {isa = PBXFileReference; fileEncoding = 4; lastKnownFileType = sourcecode.c.h; path = SBJsonUTF8Stream.h; sourceTree = "<group>"; };
		4B418901144747DA00214BE4 /* SBJsonUTF8Stream.m */ = {isa = PBXFileReference; fileEncoding = 4; lastKnownFileType = sourcecode.c.objc; path = SBJsonUTF8Stream.m; sourceTree = "<group>"; };
		4B418902144747DA00214BE4 /* SBJsonWriter.h */ = {isa = PBXFileReference; fileEncoding = 4; lastKnownFileType = sourcecode.c.h; path = SBJsonWriter.h; sourceTree = "<group>"; };
		4B418903144747DA00214BE4 /* SBJsonWriter.m */ = {isa = PBXFileReference; fileEncoding = 4; lastKnownFileType = sourcecode.c.objc; path = SBJsonWriter.m; sourceTree = "<group>"; };
		4B41892614474CBA00214BE4 /* quizgame1.qiz */ = {isa = PBXFileReference; fileEncoding = 4; lastKnownFileType = text; path = quizgame1.qiz; sourceTree = "<group>"; };
		4B5DCB3A144C2FCB00F6811A /* quizgame2.qiz */ = {isa = PBXFileReference; fileEncoding = 4; lastKnownFileType = text; path = quizgame2.qiz; sourceTree = "<group>"; };
		4B84DD4C14436095008F636C /* classroom.jpg */ = {isa = PBXFileReference; lastKnownFileType = image.jpeg; path = classroom.jpg; sourceTree = "<group>"; };
		4B8CA169144D88FB00C73683 /* HeaderView.xib */ = {isa = PBXFileReference; lastKnownFileType = file.xib; path = HeaderView.xib; sourceTree = "<group>"; };
		4B8CA17F144D8CDC00C73683 /* QuizapEditQuizViewController.h */ = {isa = PBXFileReference; fileEncoding = 4; lastKnownFileType = sourcecode.c.h; path = QuizapEditQuizViewController.h; sourceTree = "<group>"; };
		4B8CA180144D8CDC00C73683 /* QuizapEditQuizViewController.m */ = {isa = PBXFileReference; fileEncoding = 4; lastKnownFileType = sourcecode.c.objc; path = QuizapEditQuizViewController.m; sourceTree = "<group>"; };
		4B8CA181144D8CDC00C73683 /* QuizapEditQuizViewController.xib */ = {isa = PBXFileReference; lastKnownFileType = file.xib; path = QuizapEditQuizViewController.xib; sourceTree = "<group>"; };
		4B8CA23B144DA60D00C73683 /* QuizSelectedViewController.h */ = {isa = PBXFileReference; fileEncoding = 4; lastKnownFileType = sourcecode.c.h; path = QuizSelectedViewController.h; sourceTree = "<group>"; };
		4B8CA23C144DA60D00C73683 /* QuizSelectedViewController.m */ = {isa = PBXFileReference; fileEncoding = 4; lastKnownFileType = sourcecode.c.objc; path = QuizSelectedViewController.m; sourceTree = "<group>"; };
		4B8CA23D144DA60D00C73683 /* QuizSelectedViewController.xib */ = {isa = PBXFileReference; lastKnownFileType = file.xib; path = QuizSelectedViewController.xib; sourceTree = "<group>"; };
		4B8D2DE6142AA6D0009256E6 /* QAMultiChoiceQuestion.h */ = {isa = PBXFileReference; fileEncoding = 4; lastKnownFileType = sourcecode.c.h; path = QAMultiChoiceQuestion.h; sourceTree = "<group>"; };
		4B8D2DE7142AA6D0009256E6 /* QAMultiChoiceQuestion.m */ = {isa = PBXFileReference; fileEncoding = 4; lastKnownFileType = sourcecode.c.objc; path = QAMultiChoiceQuestion.m; sourceTree = "<group>"; };
		4B8D63BB1445BD5C005CC294 /* QuizapView2Controller.h */ = {isa = PBXFileReference; fileEncoding = 4; lastKnownFileType = sourcecode.c.h; path = QuizapView2Controller.h; sourceTree = "<group>"; };
		4B8D63BD1445BD84005CC294 /* QuizapView2Controller.m */ = {isa = PBXFileReference; fileEncoding = 4; lastKnownFileType = sourcecode.c.objc; path = QuizapView2Controller.m; sourceTree = "<group>"; };
		4B8D63CD1445C393005CC294 /* student1.png */ = {isa = PBXFileReference; lastKnownFileType = image.png; path = student1.png; sourceTree = "<group>"; };
		4B8D63CE1445C393005CC294 /* student2.png */ = {isa = PBXFileReference; lastKnownFileType = image.png; path = student2.png; sourceTree = "<group>"; };
		4B8D64471445D035005CC294 /* classroom2.jpg */ = {isa = PBXFileReference; lastKnownFileType = image.jpeg; path = classroom2.jpg; sourceTree = "<group>"; };
		4B8D64A01445D790005CC294 /* student3.png */ = {isa = PBXFileReference; lastKnownFileType = image.png; path = student3.png; sourceTree = "<group>"; };
		4B8D65181445FBB0005CC294 /* studentfull1.png */ = {isa = PBXFileReference; lastKnownFileType = image.png; path = studentfull1.png; sourceTree = "<group>"; };
		4B8D65191445FBB0005CC294 /* studentfull2.png */ = {isa = PBXFileReference; lastKnownFileType = image.png; path = studentfull2.png; sourceTree = "<group>"; };
		4B8D651A1445FBB0005CC294 /* studentfull3.png */ = {isa = PBXFileReference; lastKnownFileType = image.png; path = studentfull3.png; sourceTree = "<group>"; };
		4B8D65261445FC99005CC294 /* books.png */ = {isa = PBXFileReference; lastKnownFileType = image.png; path = books.png; sourceTree = "<group>"; };
		4B8D65271445FC99005CC294 /* classroom3.png */ = {isa = PBXFileReference; lastKnownFileType = image.png; path = classroom3.png; sourceTree = "<group>"; };
		4B8D65281445FC99005CC294 /* teacher.png */ = {isa = PBXFileReference; lastKnownFileType = image.png; path = teacher.png; sourceTree = "<group>"; };
		4B8E9B6B14497B0300D6634F /* quizdemo.qiz */ = {isa = PBXFileReference; fileEncoding = 4; lastKnownFileType = text; path = quizdemo.qiz; sourceTree = "<group>"; };
		4B8E9B911449829200D6634F /* StartupViewController.h */ = {isa = PBXFileReference; fileEncoding = 4; lastKnownFileType = sourcecode.c.h; name = StartupViewController.h; path = ../StartupViewController.h; sourceTree = "<group>"; };
		4B8E9B921449829200D6634F /* StartupViewController.m */ = {isa = PBXFileReference; fileEncoding = 4; lastKnownFileType = sourcecode.c.objc; name = StartupViewController.m; path = ../StartupViewController.m; sourceTree = "<group>"; };
		4B8E9B931449829200D6634F /* StartupViewController.xib */ = {isa = PBXFileReference; lastKnownFileType = file.xib; path = StartupViewController.xib; sourceTree = "<group>"; };
		4B941AAA1446DA7200A11671 /* ItemsViewController.h */ = {isa = PBXFileReference; fileEncoding = 4; lastKnownFileType = sourcecode.c.h; path = ItemsViewController.h; sourceTree = "<group>"; };
		4B941AAB1446DA7200A11671 /* ItemsViewController.m */ = {isa = PBXFileReference; fileEncoding = 4; lastKnownFileType = sourcecode.c.objc; path = ItemsViewController.m; sourceTree = "<group>"; };
		4B941AAD1446DCFC00A11671 /* QuizStore.h */ = {isa = PBXFileReference; fileEncoding = 4; lastKnownFileType = sourcecode.c.h; path = QuizStore.h; sourceTree = "<group>"; };
		4B941AAE1446DCFC00A11671 /* QuizStore.m */ = {isa = PBXFileReference; fileEncoding = 4; lastKnownFileType = sourcecode.c.objc; path = QuizStore.m; sourceTree = "<group>"; };
		4B9760AA1450887E00783805 /* DarkWoodenWall.jpg */ = {isa = PBXFileReference; lastKnownFileType = image.jpeg; path = DarkWoodenWall.jpg; sourceTree = "<group>"; };
		4B9760E314509D7A00783805 /* button.png */ = {isa = PBXFileReference; lastKnownFileType = image.png; path = button.png; sourceTree = "<group>"; };
		4B97616E1450ACD600783805 /* blueButton.png */ = {isa = PBXFileReference; lastKnownFileType = image.png; path = blueButton.png; sourceTree = "<group>"; };
		4BCA9687143F1085006BC7B6 /* QuizBrainOO.h */ = {isa = PBXFileReference; fileEncoding = 4; lastKnownFileType = sourcecode.c.h; path = QuizBrainOO.h; sourceTree = "<group>"; };
		4BCA9688143F1085006BC7B6 /* QuizBrainOO.m */ = {isa = PBXFileReference; fileEncoding = 4; lastKnownFileType = sourcecode.c.objc; path = QuizBrainOO.m; sourceTree = "<group>"; };
		4BCA9744143F3AFA006BC7B6 /* HighscoreViewController.h */ = {isa = PBXFileReference; fileEncoding = 4; lastKnownFileType = sourcecode.c.h; path = HighscoreViewController.h; sourceTree = "<group>"; };
		4BCA9745143F3AFA006BC7B6 /* HighscoreViewController.m */ = {isa = PBXFileReference; fileEncoding = 4; lastKnownFileType = sourcecode.c.objc; path = HighscoreViewController.m; sourceTree = "<group>"; };
		4BCA9746143F3AFA006BC7B6 /* HighscoreViewController.xib */ = {isa = PBXFileReference; lastKnownFileType = file.xib; name = HighscoreViewController.xib; path = Classes/HighscoreViewController.xib; sourceTree = "<group>"; };
		4BDC463C1442E3170056CF4A /* ContainerFrame.h */ = {isa = PBXFileReference; fileEncoding = 4; lastKnownFileType = sourcecode.c.h; path = ContainerFrame.h; sourceTree = "<group>"; };
		4BDC463D1442E3170056CF4A /* ContainerFrame.m */ = {isa = PBXFileReference; fileEncoding = 4; lastKnownFileType = sourcecode.c.objc; path = ContainerFrame.m; sourceTree = "<group>"; };
		4BDC46C6144301A50056CF4A /* CMPopTipView.h */ = {isa = PBXFileReference; fileEncoding = 4; lastKnownFileType = sourcecode.c.h; path = CMPopTipView.h; sourceTree = "<group>"; };
		4BDC46C7144301A50056CF4A /* CMPopTipView.m */ = {isa = PBXFileReference; fileEncoding = 4; lastKnownFileType = sourcecode.c.objc; path = CMPopTipView.m; sourceTree = "<group>"; };
		4BDC476614432FA00056CF4A /* button1.jpg */ = {isa = PBXFileReference; lastKnownFileType = image.jpeg; path = button1.jpg; sourceTree = "<group>"; };
		4BDC476714432FA00056CF4A /* button2.jpg */ = {isa = PBXFileReference; lastKnownFileType = image.jpeg; path = button2.jpg; sourceTree = "<group>"; };
		4BDC476814432FA00056CF4A /* button3.jpg */ = {isa = PBXFileReference; lastKnownFileType = image.jpeg; path = button3.jpg; sourceTree = "<group>"; };
		8D1107310486CEB800E47090 /* Quizap-Info.plist */ = {isa = PBXFileReference; fileEncoding = 4; lastKnownFileType = text.plist.xml; path = "Quizap-Info.plist"; plistStructureDefinitionIdentifier = "com.apple.xcode.plist.structure-definition.iphone.info-plist"; sourceTree = "<group>"; };
/* End PBXFileReference section */

/* Begin PBXFrameworksBuildPhase section */
		1D60588F0D05DD3D006BFB54 /* Frameworks */ = {
			isa = PBXFrameworksBuildPhase;
			buildActionMask = 2147483647;
			files = (
				1D60589F0D05DD5A006BFB54 /* Foundation.framework in Frameworks */,
				1DF5F4E00D08C38300B7A737 /* UIKit.framework in Frameworks */,
				288765A50DF7441C002DB57D /* CoreGraphics.framework in Frameworks */,
			);
			runOnlyForDeploymentPostprocessing = 0;
		};
/* End PBXFrameworksBuildPhase section */

/* Begin PBXGroup section */
		080E96DDFE201D6D7F000001 /* Classes */ = {
			isa = PBXGroup;
			children = (
				4B9760E314509D7A00783805 /* button.png */,
				1D3623240D0F684500981E51 /* QuizapAppDelegate.h */,
				1D3623250D0F684500981E51 /* QuizapAppDelegate.m */,
				28D7ACF60DDB3853001CB0EB /* QuizapViewController.h */,
				28D7ACF70DDB3853001CB0EB /* QuizapViewController.m */,
				4B8D63BB1445BD5C005CC294 /* QuizapView2Controller.h */,
				4B8D63BD1445BD84005CC294 /* QuizapView2Controller.m */,
				4BCA9687143F1085006BC7B6 /* QuizBrainOO.h */,
				4BCA9688143F1085006BC7B6 /* QuizBrainOO.m */,
				4B8D2DE6142AA6D0009256E6 /* QAMultiChoiceQuestion.h */,
				4B8D2DE7142AA6D0009256E6 /* QAMultiChoiceQuestion.m */,
				4BCA9744143F3AFA006BC7B6 /* HighscoreViewController.h */,
				4BCA9745143F3AFA006BC7B6 /* HighscoreViewController.m */,
				4BDC463C1442E3170056CF4A /* ContainerFrame.h */,
				4BDC463D1442E3170056CF4A /* ContainerFrame.m */,
				4B941AAA1446DA7200A11671 /* ItemsViewController.h */,
				4B941AAB1446DA7200A11671 /* ItemsViewController.m */,
				4B941AAD1446DCFC00A11671 /* QuizStore.h */,
				4B941AAE1446DCFC00A11671 /* QuizStore.m */,
				4B8E9B911449829200D6634F /* StartupViewController.h */,
				4B8E9B921449829200D6634F /* StartupViewController.m */,
				4B077BF0144C50EE00378E04 /* RequirementsViewController.h */,
				4B077BF1144C50EE00378E04 /* RequirementsViewController.m */,
				4B8CA169144D88FB00C73683 /* HeaderView.xib */,
				4B8CA17F144D8CDC00C73683 /* QuizapEditQuizViewController.h */,
				4B8CA180144D8CDC00C73683 /* QuizapEditQuizViewController.m */,
				4B8CA181144D8CDC00C73683 /* QuizapEditQuizViewController.xib */,
				4B8CA23B144DA60D00C73683 /* QuizSelectedViewController.h */,
				4B8CA23C144DA60D00C73683 /* QuizSelectedViewController.m */,
				4B8CA23D144DA60D00C73683 /* QuizSelectedViewController.xib */,
				4B00CADE144DD5F200DD8C50 /* QuizapView3Controller.h */,
				4B00CADF144DD5F200DD8C50 /* QuizapView3Controller.m */,
				4B00CAE0144DD5F200DD8C50 /* QuizapView3Controller.xib */,
			);
			path = Classes;
			sourceTree = "<group>";
		};
		19C28FACFE9D520D11CA2CBB /* Products */ = {
			isa = PBXGroup;
			children = (
				1D6058910D05DD3D006BFB54 /* Quizap.app */,
			);
			name = Products;
			sourceTree = "<group>";
		};
		29B97314FDCFA39411CA2CEA /* CustomTemplate */ = {
			isa = PBXGroup;
			children = (
				4B4188EA144747DA00214BE4 /* SBJson */,
				4BDC46C5144301A50056CF4A /* CMPopTipView */,
				080E96DDFE201D6D7F000001 /* Classes */,
				29B97315FDCFA39411CA2CEA /* Other Sources */,
				29B97317FDCFA39411CA2CEA /* Resources */,
				29B97323FDCFA39411CA2CEA /* Frameworks */,
				19C28FACFE9D520D11CA2CBB /* Products */,
			);
			name = CustomTemplate;
			sourceTree = "<group>";
		};
		29B97315FDCFA39411CA2CEA /* Other Sources */ = {
			isa = PBXGroup;
			children = (
				32CA4F630368D1EE00C91783 /* Quizap_Prefix.pch */,
				29B97316FDCFA39411CA2CEA /* main.m */,
			);
			name = "Other Sources";
			sourceTree = "<group>";
		};
		29B97317FDCFA39411CA2CEA /* Resources */ = {
			isa = PBXGroup;
			children = (
				4B97616E1450ACD600783805 /* blueButton.png */,
				4B9760AA1450887E00783805 /* DarkWoodenWall.jpg */,
				4B00CADB144DD57600DD8C50 /* star_64.png */,
				4B5DCB3A144C2FCB00F6811A /* quizgame2.qiz */,
				4B8E9B6B14497B0300D6634F /* quizdemo.qiz */,
				4B00CAD7144DD54F00DD8C50 /* close_48.png */,
				4B00CAD9144DD55800DD8C50 /* close_64.png */,
				4B41892614474CBA00214BE4 /* quizgame1.qiz */,
				4B8D65261445FC99005CC294 /* books.png */,
				4B8D65271445FC99005CC294 /* classroom3.png */,
				4B8D65281445FC99005CC294 /* teacher.png */,
				4B8D65181445FBB0005CC294 /* studentfull1.png */,
				4B8D65191445FBB0005CC294 /* studentfull2.png */,
				4B8D651A1445FBB0005CC294 /* studentfull3.png */,
				4B8D64471445D035005CC294 /* classroom2.jpg */,
				4B8D64A01445D790005CC294 /* student3.png */,
				4B8D63CD1445C393005CC294 /* student1.png */,
				4B8D63CE1445C393005CC294 /* student2.png */,
				4B84DD4C14436095008F636C /* classroom.jpg */,
				4BDC476614432FA00056CF4A /* button1.jpg */,
				4BDC476714432FA00056CF4A /* button2.jpg */,
				4BDC476814432FA00056CF4A /* button3.jpg */,
				2899E5210DE3E06400AC0155 /* QuizapViewController.xib */,
				4BCA9746143F3AFA006BC7B6 /* HighscoreViewController.xib */,
				28AD733E0D9D9553002E5188 /* MainWindow.xib */,
				8D1107310486CEB800E47090 /* Quizap-Info.plist */,
				4B8E9B931449829200D6634F /* StartupViewController.xib */,
			);
			name = Resources;
			sourceTree = "<group>";
		};
		29B97323FDCFA39411CA2CEA /* Frameworks */ = {
			isa = PBXGroup;
			children = (
				1DF5F4DF0D08C38300B7A737 /* UIKit.framework */,
				1D30AB110D05D00D00671497 /* Foundation.framework */,
				288765A40DF7441C002DB57D /* CoreGraphics.framework */,
			);
			name = Frameworks;
			sourceTree = "<group>";
		};
		4B4188EA144747DA00214BE4 /* SBJson */ = {
			isa = PBXGroup;
			children = (
				4B4188EB144747DA00214BE4 /* NSObject+SBJson.h */,
				4B4188EC144747DA00214BE4 /* NSObject+SBJson.m */,
				4B4188ED144747DA00214BE4 /* SBJson.h */,
				4B4188EE144747DA00214BE4 /* SBJsonParser.h */,
				4B4188EF144747DA00214BE4 /* SBJsonParser.m */,
				4B4188F0144747DA00214BE4 /* SBJsonStreamParser.h */,
				4B4188F1144747DA00214BE4 /* SBJsonStreamParser.m */,
				4B4188F2144747DA00214BE4 /* SBJsonStreamParserAccumulator.h */,
				4B4188F3144747DA00214BE4 /* SBJsonStreamParserAccumulator.m */,
				4B4188F4144747DA00214BE4 /* SBJsonStreamParserAdapter.h */,
				4B4188F5144747DA00214BE4 /* SBJsonStreamParserAdapter.m */,
				4B4188F6144747DA00214BE4 /* SBJsonStreamParserState.h */,
				4B4188F7144747DA00214BE4 /* SBJsonStreamParserState.m */,
				4B4188F8144747DA00214BE4 /* SBJsonStreamWriter.h */,
				4B4188F9144747DA00214BE4 /* SBJsonStreamWriter.m */,
				4B4188FA144747DA00214BE4 /* SBJsonStreamWriterAccumulator.h */,
				4B4188FB144747DA00214BE4 /* SBJsonStreamWriterAccumulator.m */,
				4B4188FC144747DA00214BE4 /* SBJsonStreamWriterState.h */,
				4B4188FD144747DA00214BE4 /* SBJsonStreamWriterState.m */,
				4B4188FE144747DA00214BE4 /* SBJsonTokeniser.h */,
				4B4188FF144747DA00214BE4 /* SBJsonTokeniser.m */,
				4B418900144747DA00214BE4 /* SBJsonUTF8Stream.h */,
				4B418901144747DA00214BE4 /* SBJsonUTF8Stream.m */,
				4B418902144747DA00214BE4 /* SBJsonWriter.h */,
				4B418903144747DA00214BE4 /* SBJsonWriter.m */,
			);
			path = SBJson;
			sourceTree = "<group>";
		};
		4BDC46C5144301A50056CF4A /* CMPopTipView */ = {
			isa = PBXGroup;
			children = (
				4BDC46C6144301A50056CF4A /* CMPopTipView.h */,
				4BDC46C7144301A50056CF4A /* CMPopTipView.m */,
			);
			name = CMPopTipView;
			path = ../Quizap/CMPopTipView;
			sourceTree = SOURCE_ROOT;
		};
/* End PBXGroup section */

/* Begin PBXNativeTarget section */
		1D6058900D05DD3D006BFB54 /* Quizap */ = {
			isa = PBXNativeTarget;
			buildConfigurationList = 1D6058960D05DD3E006BFB54 /* Build configuration list for PBXNativeTarget "Quizap" */;
			buildPhases = (
				1D60588D0D05DD3D006BFB54 /* Resources */,
				1D60588E0D05DD3D006BFB54 /* Sources */,
				1D60588F0D05DD3D006BFB54 /* Frameworks */,
			);
			buildRules = (
			);
			dependencies = (
			);
			name = Quizap;
			productName = Quizap;
			productReference = 1D6058910D05DD3D006BFB54 /* Quizap.app */;
			productType = "com.apple.product-type.application";
		};
/* End PBXNativeTarget section */

/* Begin PBXProject section */
		29B97313FDCFA39411CA2CEA /* Project object */ = {
			isa = PBXProject;
			buildConfigurationList = C01FCF4E08A954540054247B /* Build configuration list for PBXProject "Quizap" */;
			compatibilityVersion = "Xcode 3.2";
			developmentRegion = English;
			hasScannedForEncodings = 1;
			knownRegions = (
				English,
				Japanese,
				French,
				German,
			);
			mainGroup = 29B97314FDCFA39411CA2CEA /* CustomTemplate */;
			projectDirPath = "";
			projectRoot = "";
			targets = (
				1D6058900D05DD3D006BFB54 /* Quizap */,
			);
		};
/* End PBXProject section */

/* Begin PBXResourcesBuildPhase section */
		1D60588D0D05DD3D006BFB54 /* Resources */ = {
			isa = PBXResourcesBuildPhase;
			buildActionMask = 2147483647;
			files = (
				28AD733F0D9D9553002E5188 /* MainWindow.xib in Resources */,
				2899E5220DE3E06400AC0155 /* QuizapViewController.xib in Resources */,
				4BCA9748143F3AFA006BC7B6 /* HighscoreViewController.xib in Resources */,
				4BDC476914432FA00056CF4A /* button1.jpg in Resources */,
				4BDC476A14432FA00056CF4A /* button2.jpg in Resources */,
				4BDC476B14432FA00056CF4A /* button3.jpg in Resources */,
				4B84DD4D14436095008F636C /* classroom.jpg in Resources */,
				4B8D63CF1445C393005CC294 /* student1.png in Resources */,
				4B8D63D01445C393005CC294 /* student2.png in Resources */,
				4B8D64481445D035005CC294 /* classroom2.jpg in Resources */,
				4B8D64A11445D790005CC294 /* student3.png in Resources */,
				4B8D651B1445FBB0005CC294 /* studentfull1.png in Resources */,
				4B8D651C1445FBB0005CC294 /* studentfull2.png in Resources */,
				4B8D651D1445FBB0005CC294 /* studentfull3.png in Resources */,
				4B8D65291445FC99005CC294 /* books.png in Resources */,
				4B8D652A1445FC99005CC294 /* classroom3.png in Resources */,
				4B8D652B1445FC99005CC294 /* teacher.png in Resources */,
				4B41892714474CBA00214BE4 /* quizgame1.qiz in Resources */,
				4B8E9B6C14497B0300D6634F /* quizdemo.qiz in Resources */,
				4B8E9B951449829200D6634F /* StartupViewController.xib in Resources */,
				4B5DCB3B144C2FCB00F6811A /* quizgame2.qiz in Resources */,
				4B8CA16A144D88FB00C73683 /* HeaderView.xib in Resources */,
				4B8CA183144D8CDC00C73683 /* QuizapEditQuizViewController.xib in Resources */,
				4B8CA23F144DA60D00C73683 /* QuizSelectedViewController.xib in Resources */,
				4B00CAD8144DD54F00DD8C50 /* close_48.png in Resources */,
				4B00CADA144DD55800DD8C50 /* close_64.png in Resources */,
				4B00CADC144DD57600DD8C50 /* star_64.png in Resources */,
				4B00CAE2144DD5F200DD8C50 /* QuizapView3Controller.xib in Resources */,
				4B9760AB1450887E00783805 /* DarkWoodenWall.jpg in Resources */,
				4B9760E414509D7A00783805 /* button.png in Resources */,
				4B97616F1450ACD600783805 /* blueButton.png in Resources */,
			);
			runOnlyForDeploymentPostprocessing = 0;
		};
/* End PBXResourcesBuildPhase section */

/* Begin PBXSourcesBuildPhase section */
		1D60588E0D05DD3D006BFB54 /* Sources */ = {
			isa = PBXSourcesBuildPhase;
			buildActionMask = 2147483647;
			files = (
				1D60589B0D05DD56006BFB54 /* main.m in Sources */,
				1D3623260D0F684500981E51 /* QuizapAppDelegate.m in Sources */,
				28D7ACF80DDB3853001CB0EB /* QuizapViewController.m in Sources */,
				4B8D2DE8142AA6D0009256E6 /* QAMultiChoiceQuestion.m in Sources */,
				4BCA9689143F1085006BC7B6 /* QuizBrainOO.m in Sources */,
				4BCA9747143F3AFA006BC7B6 /* HighscoreViewController.m in Sources */,
				4BDC463E1442E3170056CF4A /* ContainerFrame.m in Sources */,
				4BDC46C8144301A50056CF4A /* CMPopTipView.m in Sources */,
				4B8D63BE1445BD84005CC294 /* QuizapView2Controller.m in Sources */,
				4B941AAC1446DA7200A11671 /* ItemsViewController.m in Sources */,
				4B941AAF1446DCFC00A11671 /* QuizStore.m in Sources */,
				4B418904144747DA00214BE4 /* NSObject+SBJson.m in Sources */,
				4B418905144747DA00214BE4 /* SBJsonParser.m in Sources */,
				4B418906144747DA00214BE4 /* SBJsonStreamParser.m in Sources */,
				4B418907144747DA00214BE4 /* SBJsonStreamParserAccumulator.m in Sources */,
				4B418908144747DA00214BE4 /* SBJsonStreamParserAdapter.m in Sources */,
				4B418909144747DA00214BE4 /* SBJsonStreamParserState.m in Sources */,
				4B41890A144747DA00214BE4 /* SBJsonStreamWriter.m in Sources */,
				4B41890B144747DA00214BE4 /* SBJsonStreamWriterAccumulator.m in Sources */,
				4B41890C144747DA00214BE4 /* SBJsonStreamWriterState.m in Sources */,
				4B41890D144747DA00214BE4 /* SBJsonTokeniser.m in Sources */,
				4B41890E144747DA00214BE4 /* SBJsonUTF8Stream.m in Sources */,
				4B41890F144747DA00214BE4 /* SBJsonWriter.m in Sources */,
				4B8E9B941449829200D6634F /* StartupViewController.m in Sources */,
				4B077BF2144C50EE00378E04 /* RequirementsViewController.m in Sources */,
				4B8CA182144D8CDC00C73683 /* QuizapEditQuizViewController.m in Sources */,
				4B8CA23E144DA60D00C73683 /* QuizSelectedViewController.m in Sources */,
				4B00CAE1144DD5F200DD8C50 /* QuizapView3Controller.m in Sources */,
			);
			runOnlyForDeploymentPostprocessing = 0;
		};
/* End PBXSourcesBuildPhase section */

/* Begin XCBuildConfiguration section */
		1D6058940D05DD3E006BFB54 /* Debug */ = {
			isa = XCBuildConfiguration;
			buildSettings = {
				ALWAYS_SEARCH_USER_PATHS = NO;
				COPY_PHASE_STRIP = NO;
				GCC_DYNAMIC_NO_PIC = NO;
				GCC_OPTIMIZATION_LEVEL = 0;
				GCC_PRECOMPILE_PREFIX_HEADER = YES;
				GCC_PREFIX_HEADER = Quizap_Prefix.pch;
				INFOPLIST_FILE = "Quizap-Info.plist";
				PRODUCT_NAME = Quizap;
			};
			name = Debug;
		};
		1D6058950D05DD3E006BFB54 /* Release */ = {
			isa = XCBuildConfiguration;
			buildSettings = {
				ALWAYS_SEARCH_USER_PATHS = NO;
				COPY_PHASE_STRIP = YES;
				GCC_PRECOMPILE_PREFIX_HEADER = YES;
				GCC_PREFIX_HEADER = Quizap_Prefix.pch;
				INFOPLIST_FILE = "Quizap-Info.plist";
				PRODUCT_NAME = Quizap;
				VALIDATE_PRODUCT = YES;
			};
			name = Release;
		};
		C01FCF4F08A954540054247B /* Debug */ = {
			isa = XCBuildConfiguration;
			buildSettings = {
				ARCHS = "$(ARCHS_STANDARD_32_BIT)";
				CODE_SIGN_IDENTITY = "iPhone Developer";
				"CODE_SIGN_IDENTITY[sdk=iphoneos*]" = "iPhone Developer";
				GCC_C_LANGUAGE_STANDARD = c99;
				GCC_WARN_ABOUT_RETURN_TYPE = YES;
				GCC_WARN_UNUSED_VARIABLE = YES;
				PREBINDING = NO;
				PROVISIONING_PROFILE = "";
				"PROVISIONING_PROFILE[sdk=iphoneos*]" = "";
				SDKROOT = iphoneos;
			};
			name = Debug;
		};
		C01FCF5008A954540054247B /* Release */ = {
			isa = XCBuildConfiguration;
			buildSettings = {
				ARCHS = "$(ARCHS_STANDARD_32_BIT)";
				"CODE_SIGN_IDENTITY[sdk=iphoneos*]" = "iPhone Developer";
				GCC_C_LANGUAGE_STANDARD = c99;
				GCC_WARN_ABOUT_RETURN_TYPE = YES;
				GCC_WARN_UNUSED_VARIABLE = YES;
				OTHER_CFLAGS = "-DNS_BLOCK_ASSERTIONS=1";
				PREBINDING = NO;
				SDKROOT = iphoneos;
			};
			name = Release;
		};
/* End XCBuildConfiguration section */

/* Begin XCConfigurationList section */
		1D6058960D05DD3E006BFB54 /* Build configuration list for PBXNativeTarget "Quizap" */ = {
			isa = XCConfigurationList;
			buildConfigurations = (
				1D6058940D05DD3E006BFB54 /* Debug */,
				1D6058950D05DD3E006BFB54 /* Release */,
			);
			defaultConfigurationIsVisible = 0;
			defaultConfigurationName = Release;
		};
		C01FCF4E08A954540054247B /* Build configuration list for PBXProject "Quizap" */ = {
			isa = XCConfigurationList;
			buildConfigurations = (
				C01FCF4F08A954540054247B /* Debug */,
				C01FCF5008A954540054247B /* Release */,
			);
			defaultConfigurationIsVisible = 0;
			defaultConfigurationName = Release;
		};
/* End XCConfigurationList section */
	};
	rootObject = 29B97313FDCFA39411CA2CEA /* Project object */;
}
